
Microsoft Visual Studio Solution File, Format Version 12.00
# Visual Studio Version 16
VisualStudioVersion = 16.0.31005.135
MinimumVisualStudioVersion = 10.0.40219.1
Project("{FAE04EC0-301F-11D3-BF4B-00C04F79EFBC}") = "sem1", "sem1\sem1.csproj", "{ABAFA441-C026-4443-9D21-63021EE97FFC}"
EndProject
Global
	GlobalSection(SolutionConfigurationPlatforms) = preSolution
		Debug|Any CPU = Debug|Any CPU
		Release|Any CPU = Release|Any CPU
	EndGlobalSection
	GlobalSection(ProjectConfigurationPlatforms) = postSolution
		{ABAFA441-C026-4443-9D21-63021EE97FFC}.Debug|Any CPU.ActiveCfg = Debug|Any CPU
		{ABAFA441-C026-4443-9D21-63021EE97FFC}.Debug|Any CPU.Build.0 = Debug|Any CPU
		{ABAFA441-C026-4443-9D21-63021EE97FFC}.Release|Any CPU.ActiveCfg = Release|Any CPU
		{ABAFA441-C026-4443-9D21-63021EE97FFC}.Release|Any CPU.Build.0 = Release|Any CPU
	EndGlobalSection
	GlobalSection(SolutionProperties) = preSolution
		HideSolutionNode = FALSE
	EndGlobalSection
	GlobalSection(ExtensibilityGlobals) = postSolution
		SolutionGuid = {C6D783BF-CC9B-4A9F-9D09-6BBBDB690B8D}
	EndGlobalSection
EndGlobal
